# This file is automatically @generated by Cargo.
# It is not intended for manual editing.
version = 4

[[package]]
name = "rime_cli"
version = "0.1.0"
dependencies = [
 "rime_core",
 "rime_dict",
 "rime_pinyin",
]

[[package]]
name = "rime_core"
version = "0.1.0"

[[package]]
name = "rime_dict"
version = "0.1.0"
dependencies = [
 "rime_core",
 "rime_pinyin",
]

[[package]]
name = "rime_pinyin"
version = "0.1.0"
dependencies = [
 "rime_core",
]
